{
    "version": 3,
    "terraform_version": "0.11.13",
    "serial": 34,
    "lineage": "e720e2e6-f59c-25b8-8387-82eb4281eda6",
    "modules": [
        {
            "path": [
                "root"
            ],
            "outputs": {},
            "resources": {
                "aws_elastic_beanstalk_application.tftest": {
                    "type": "aws_elastic_beanstalk_application",
                    "depends_on": [],
                    "primary": {
                        "id": "tf-test-name",
                        "attributes": {
                            "appversion_lifecycle.#": "0",
                            "description": "tf-test-desc",
                            "id": "tf-test-name",
                            "name": "tf-test-name"
                        },
                        "meta": {},
                        "tainted": false
                    },
                    "deposed": [],
                    "provider": "provider.aws"
                },
                "aws_elastic_beanstalk_environment.tfenvtest": {
                    "type": "aws_elastic_beanstalk_environment",
                    "depends_on": [
                        "aws_elastic_beanstalk_application.tftest"
                    ],
                    "primary": {
                        "id": "e-kqjhkdyjmh",
                        "attributes": {
                            "all_settings.#": "103",
                            "all_settings.1036703857.name": "EvaluationPeriods",
                            "all_settings.1036703857.namespace": "aws:autoscaling:trigger",
                            "all_settings.1036703857.resource": "",
                            "all_settings.1036703857.value": "1",
                            "all_settings.1055035439.name": "RootVolumeType",
                            "all_settings.1055035439.namespace": "aws:autoscaling:launchconfiguration",
                            "all_settings.1055035439.resource": "",
                            "all_settings.1055035439.value": "",
                            "all_settings.1093784765.name": "ListenerProtocol",
                            "all_settings.1093784765.namespace": "aws:elb:listener:80",
                            "all_settings.1093784765.resource": "",
                            "all_settings.1093784765.value": "HTTP",
                            "all_settings.1105127146.name": "LoadBalancerPortProtocol",
                            "all_settings.1105127146.namespace": "aws:elb:loadbalancer",
                            "all_settings.1105127146.resource": "",
                            "all_settings.1105127146.value": "HTTP",
                            "all_settings.1148368735.name": "ConnectionDrainingEnabled",
                            "all_settings.1148368735.namespace": "aws:elb:policies",
                            "all_settings.1148368735.resource": "",
                            "all_settings.1148368735.value": "false",
                            "all_settings.1152947525.name": "HealthStreamingEnabled",
                            "all_settings.1152947525.namespace": "aws:elasticbeanstalk:cloudwatch:logs:health",
                            "all_settings.1152947525.resource": "",
                            "all_settings.1152947525.value": "false",
                            "all_settings.1312309504.name": "MinInstancesInService",
                            "all_settings.1312309504.namespace": "aws:autoscaling:updatepolicy:rollingupdate",
                            "all_settings.1312309504.resource": "",
                            "all_settings.1312309504.value": "",
                            "all_settings.1384328253.name": "ELBScheme",
                            "all_settings.1384328253.namespace": "aws:ec2:vpc",
                            "all_settings.1384328253.resource": "",
                            "all_settings.1384328253.value": "public",
                            "all_settings.1418450284.name": "AssociatePublicIpAddress",
                            "all_settings.1418450284.namespace": "aws:ec2:vpc",
                            "all_settings.1418450284.resource": "",
                            "all_settings.1418450284.value": "",
                            "all_settings.1487137936.name": "IgnoreHealthCheck",
                            "all_settings.1487137936.namespace": "aws:elasticbeanstalk:command",
                            "all_settings.1487137936.resource": "",
                            "all_settings.1487137936.value": "false",
                            "all_settings.1514624220.name": "IamInstanceProfile",
                            "all_settings.1514624220.namespace": "aws:autoscaling:launchconfiguration",
                            "all_settings.1514624220.resource": "",
                            "all_settings.1514624220.value": "app-ec2-role",
                            "all_settings.1539976252.name": "ListenerEnabled",
                            "all_settings.1539976252.namespace": "aws:elb:listener:80",
                            "all_settings.1539976252.resource": "",
                            "all_settings.1539976252.value": "true",
                            "all_settings.1584820072.name": "Custom Availability Zones",
                            "all_settings.1584820072.namespace": "aws:autoscaling:asg",
                            "all_settings.1584820072.resource": "",
                            "all_settings.1584820072.value": "",
                            "all_settings.1709622552.name": "LoadBalancerSSLPortProtocol",
                            "all_settings.1709622552.namespace": "aws:elb:loadbalancer",
                            "all_settings.1709622552.resource": "",
                            "all_settings.1709622552.value": "HTTPS",
                            "all_settings.1824390401.name": "Notification Topic ARN",
                            "all_settings.1824390401.namespace": "aws:elasticbeanstalk:sns:topics",
                            "all_settings.1824390401.resource": "",
                            "all_settings.1824390401.value": "",
                            "all_settings.1835511052.name": "SSLCertificateId",
                            "all_settings.1835511052.namespace": "aws:elb:listener:80",
                            "all_settings.1835511052.resource": "",
                            "all_settings.1835511052.value": "",
                            "all_settings.1839941942.name": "BlockDeviceMappings",
                            "all_settings.1839941942.namespace": "aws:autoscaling:launchconfiguration",
                            "all_settings.1839941942.resource": "",
                            "all_settings.1839941942.value": "",
                            "all_settings.1853127076.name": "Notification Endpoint",
                            "all_settings.1853127076.namespace": "aws:elasticbeanstalk:sns:topics",
                            "all_settings.1853127076.resource": "",
                            "all_settings.1853127076.value": "",
                            "all_settings.1932615024.name": "UnhealthyThreshold",
                            "all_settings.1932615024.namespace": "aws:elb:healthcheck",
                            "all_settings.1932615024.resource": "",
                            "all_settings.1932615024.value": "5",
                            "all_settings.194936813.name": "ImageId",
                            "all_settings.194936813.namespace": "aws:autoscaling:launchconfiguration",
                            "all_settings.194936813.resource": "",
                            "all_settings.194936813.value": "ami-04b78ecce0966eb2e",
                            "all_settings.2071927441.name": "ELBSubnets",
                            "all_settings.2071927441.namespace": "aws:ec2:vpc",
                            "all_settings.2071927441.resource": "",
                            "all_settings.2071927441.value": "",
                            "all_settings.2145095834.name": "InstanceProtocol",
                            "all_settings.2145095834.namespace": "aws:elb:listener:80",
                            "all_settings.2145095834.resource": "",
                            "all_settings.2145095834.value": "HTTP",
                            "all_settings.2207777926.name": "StreamLogs",
                            "all_settings.2207777926.namespace": "aws:elasticbeanstalk:cloudwatch:logs",
                            "all_settings.2207777926.resource": "",
                            "all_settings.2207777926.value": "false",
                            "all_settings.2210680385.name": "LaunchType",
                            "all_settings.2210680385.namespace": "aws:elasticbeanstalk:control",
                            "all_settings.2210680385.resource": "",
                            "all_settings.2210680385.value": "Migration",
                            "all_settings.2276893638.name": "RollingUpdateType",
                            "all_settings.2276893638.namespace": "aws:autoscaling:updatepolicy:rollingupdate",
                            "all_settings.2276893638.resource": "",
                            "all_settings.2276893638.value": "Health",
                            "all_settings.2304839776.name": "NodeVersion",
                            "all_settings.2304839776.namespace": "aws:elasticbeanstalk:container:nodejs",
                            "all_settings.2304839776.resource": "",
                            "all_settings.2304839776.value": "10.15.1",
                            "all_settings.2308210129.name": "Subnets",
                            "all_settings.2308210129.namespace": "aws:ec2:vpc",
                            "all_settings.2308210129.resource": "",
                            "all_settings.2308210129.value": "",
                            "all_settings.2361522594.name": "DeleteOnTerminate",
                            "all_settings.2361522594.namespace": "aws:elasticbeanstalk:cloudwatch:logs:health",
                            "all_settings.2361522594.resource": "",
                            "all_settings.2361522594.value": "false",
                            "all_settings.2378924418.name": "PreferredStartTime",
                            "all_settings.2378924418.namespace": "aws:elasticbeanstalk:managedactions",
                            "all_settings.2378924418.resource": "",
                            "all_settings.2378924418.value": "",
                            "all_settings.2396587397.name": "MinSize",
                            "all_settings.2396587397.namespace": "aws:autoscaling:asg",
                            "all_settings.2396587397.resource": "",
                            "all_settings.2396587397.value": "1",
                            "all_settings.2402433859.name": "Period",
                            "all_settings.2402433859.namespace": "aws:autoscaling:trigger",
                            "all_settings.2402433859.resource": "",
                            "all_settings.2402433859.value": "5",
                            "all_settings.240742627.name": "UpperBreachScaleIncrement",
                            "all_settings.240742627.namespace": "aws:autoscaling:trigger",
                            "all_settings.240742627.resource": "",
                            "all_settings.240742627.value": "1",
                            "all_settings.2420299722.name": "SystemType",
                            "all_settings.2420299722.namespace": "aws:elasticbeanstalk:healthreporting:system",
                            "all_settings.2420299722.resource": "",
                            "all_settings.2420299722.value": "enhanced",
                            "all_settings.2492456712.name": "LogPublicationControl",
                            "all_settings.2492456712.namespace": "aws:elasticbeanstalk:hostmanager",
                            "all_settings.2492456712.resource": "",
                            "all_settings.2492456712.value": "false",
                            "all_settings.2521334252.name": "InstanceRefreshEnabled",
                            "all_settings.2521334252.namespace": "aws:elasticbeanstalk:managedactions:platformupdate",
                            "all_settings.2521334252.resource": "",
                            "all_settings.2521334252.value": "false",
                            "all_settings.2542474489.name": "LoadBalancerType",
                            "all_settings.2542474489.namespace": "aws:elasticbeanstalk:environment",
                            "all_settings.2542474489.resource": "",
                            "all_settings.2542474489.value": "classic",
                            "all_settings.2558821935.name": "PauseTime",
                            "all_settings.2558821935.namespace": "aws:autoscaling:updatepolicy:rollingupdate",
                            "all_settings.2558821935.resource": "",
                            "all_settings.2558821935.value": "",
                            "all_settings.2578083670.name": "InstancePort",
                            "all_settings.2578083670.namespace": "aws:cloudformation:template:parameter",
                            "all_settings.2578083670.resource": "",
                            "all_settings.2578083670.value": "80",
                            "all_settings.26531568.name": "GzipCompression",
                            "all_settings.26531568.namespace": "aws:elasticbeanstalk:container:nodejs",
                            "all_settings.26531568.resource": "",
                            "all_settings.26531568.value": "true",
                            "all_settings.2740661437.name": "InstanceTypeFamily",
                            "all_settings.2740661437.namespace": "aws:cloudformation:template:parameter",
                            "all_settings.2740661437.resource": "",
                            "all_settings.2740661437.value": "t2",
                            "all_settings.2758979163.name": "NodeCommand",
                            "all_settings.2758979163.namespace": "aws:elasticbeanstalk:container:nodejs",
                            "all_settings.2758979163.resource": "",
                            "all_settings.2758979163.value": "",
                            "all_settings.2827474164.name": "ConnectionSettingIdleTimeout",
                            "all_settings.2827474164.namespace": "aws:elb:policies",
                            "all_settings.2827474164.resource": "",
                            "all_settings.2827474164.value": "60",
                            "all_settings.285213017.name": "PolicyNames",
                            "all_settings.285213017.namespace": "aws:elb:listener:80",
                            "all_settings.285213017.resource": "",
                            "all_settings.285213017.value": "",
                            "all_settings.2857035845.name": "EnvironmentVariables",
                            "all_settings.2857035845.namespace": "aws:cloudformation:template:parameter",
                            "all_settings.2857035845.resource": "",
                            "all_settings.2857035845.value": "",
                            "all_settings.2929485696.name": "EnvironmentType",
                            "all_settings.2929485696.namespace": "aws:elasticbeanstalk:environment",
                            "all_settings.2929485696.resource": "",
                            "all_settings.2929485696.value": "LoadBalanced",
                            "all_settings.2963112793.name": "StaticFiles",
                            "all_settings.2963112793.namespace": "aws:cloudformation:template:parameter",
                            "all_settings.2963112793.resource": "",
                            "all_settings.2963112793.value": "",
                            "all_settings.304444642.name": "ConnectionDrainingTimeout",
                            "all_settings.304444642.namespace": "aws:elb:policies",
                            "all_settings.304444642.resource": "",
                            "all_settings.304444642.value": "20",
                            "all_settings.3111731957.name": "InstanceType",
                            "all_settings.3111731957.namespace": "aws:autoscaling:launchconfiguration",
                            "all_settings.3111731957.resource": "",
                            "all_settings.3111731957.value": "t2.micro",
                            "all_settings.3155971439.name": "ProxyServer",
                            "all_settings.3155971439.namespace": "aws:elasticbeanstalk:container:nodejs",
                            "all_settings.3155971439.resource": "",
                            "all_settings.3155971439.value": "nginx",
                            "all_settings.3163218702.name": "Interval",
                            "all_settings.3163218702.namespace": "aws:elb:healthcheck",
                            "all_settings.3163218702.resource": "",
                            "all_settings.3163218702.value": "10",
                            "all_settings.3243179558.name": "ExternalExtensionsS3Key",
                            "all_settings.3243179558.namespace": "aws:elasticbeanstalk:environment",
                            "all_settings.3243179558.resource": "",
                            "all_settings.3243179558.value": "",
                            "all_settings.3263411188.name": "RootVolumeIOPS",
                            "all_settings.3263411188.namespace": "aws:autoscaling:launchconfiguration",
                            "all_settings.3263411188.resource": "",
                            "all_settings.3263411188.value": "",
                            "all_settings.3305636593.name": "UpperThreshold",
                            "all_settings.3305636593.namespace": "aws:autoscaling:trigger",
                            "all_settings.3305636593.resource": "",
                            "all_settings.3305636593.value": "6000000",
                            "all_settings.3334874421.name": "RollingUpdateEnabled",
                            "all_settings.3334874421.namespace": "aws:autoscaling:updatepolicy:rollingupdate",
                            "all_settings.3334874421.resource": "",
                            "all_settings.3334874421.value": "false",
                            "all_settings.3354438189.name": "Timeout",
                            "all_settings.3354438189.namespace": "aws:autoscaling:updatepolicy:rollingupdate",
                            "all_settings.3354438189.resource": "",
                            "all_settings.3354438189.value": "PT30M",
                            "all_settings.3402994671.name": "Statistic",
                            "all_settings.3402994671.namespace": "aws:autoscaling:trigger",
                            "all_settings.3402994671.resource": "",
                            "all_settings.3402994671.value": "Average",
                            "all_settings.3438018982.name": "MonitoringInterval",
                            "all_settings.3438018982.namespace": "aws:autoscaling:launchconfiguration",
                            "all_settings.3438018982.resource": "",
                            "all_settings.3438018982.value": "5 minute",
                            "all_settings.3450082806.name": "DeleteOnTerminate",
                            "all_settings.3450082806.namespace": "aws:elasticbeanstalk:cloudwatch:logs",
                            "all_settings.3450082806.resource": "",
                            "all_settings.3450082806.value": "false",
                            "all_settings.3496875314.name": "LowerThreshold",
                            "all_settings.3496875314.namespace": "aws:autoscaling:trigger",
                            "all_settings.3496875314.resource": "",
                            "all_settings.3496875314.value": "2000000",
                            "all_settings.3502087315.name": "CrossZone",
                            "all_settings.3502087315.namespace": "aws:elb:loadbalancer",
                            "all_settings.3502087315.resource": "",
                            "all_settings.3502087315.value": "false",
                            "all_settings.3511459446.name": "RootVolumeSize",
                            "all_settings.3511459446.namespace": "aws:autoscaling:launchconfiguration",
                            "all_settings.3511459446.resource": "",
                            "all_settings.3511459446.value": "",
                            "all_settings.3545041252.name": "Unit",
                            "all_settings.3545041252.namespace": "aws:autoscaling:trigger",
                            "all_settings.3545041252.resource": "",
                            "all_settings.3545041252.value": "Bytes",
                            "all_settings.3584475532.name": "Notification Topic Name",
                            "all_settings.3584475532.namespace": "aws:elasticbeanstalk:sns:topics",
                            "all_settings.3584475532.resource": "",
                            "all_settings.3584475532.value": "",
                            "all_settings.3603622424.name": "ManagedActionsEnabled",
                            "all_settings.3603622424.namespace": "aws:elasticbeanstalk:managedactions",
                            "all_settings.3603622424.resource": "",
                            "all_settings.3603622424.value": "false",
                            "all_settings.3615478791.name": "MaxBatchSize",
                            "all_settings.3615478791.namespace": "aws:autoscaling:updatepolicy:rollingupdate",
                            "all_settings.3615478791.resource": "",
                            "all_settings.3615478791.value": "",
                            "all_settings.3615826456.name": "ExternalExtensionsS3Bucket",
                            "all_settings.3615826456.namespace": "aws:elasticbeanstalk:environment",
                            "all_settings.3615826456.resource": "",
                            "all_settings.3615826456.value": "",
                            "all_settings.3648591417.name": "Cooldown",
                            "all_settings.3648591417.namespace": "aws:autoscaling:asg",
                            "all_settings.3648591417.resource": "",
                            "all_settings.3648591417.value": "360",
                            "all_settings.3665611509.name": "SecurityGroups",
                            "all_settings.3665611509.namespace": "aws:autoscaling:launchconfiguration",
                            "all_settings.3665611509.resource": "",
                            "all_settings.3665611509.value": "",
                            "all_settings.3705073300.name": "Notification Protocol",
                            "all_settings.3705073300.namespace": "aws:elasticbeanstalk:sns:topics",
                            "all_settings.3705073300.resource": "",
                            "all_settings.3705073300.value": "email",
                            "all_settings.3708017666.name": "LowerBreachScaleIncrement",
                            "all_settings.3708017666.namespace": "aws:autoscaling:trigger",
                            "all_settings.3708017666.resource": "",
                            "all_settings.3708017666.value": "-1",
                            "all_settings.3768277227.name": "ConfigDocument",
                            "all_settings.3768277227.namespace": "aws:elasticbeanstalk:healthreporting:system",
                            "all_settings.3768277227.resource": "",
                            "all_settings.3768277227.value": "{\"Version\":1,\"CloudWatchMetrics\":{\"Instance\":{\"CPUIrq\":null,\"LoadAverage5min\":null,\"ApplicationRequests5xx\":null,\"ApplicationRequests4xx\":null,\"CPUUser\":null,\"LoadAverage1min\":null,\"ApplicationLatencyP50\":null,\"CPUIdle\":null,\"InstanceHealth\":null,\"ApplicationLatencyP95\":null,\"ApplicationLatencyP85\":null,\"RootFilesystemUtil\":null,\"ApplicationLatencyP90\":null,\"CPUSystem\":null,\"ApplicationLatencyP75\":null,\"CPUSoftirq\":null,\"ApplicationLatencyP10\":null,\"ApplicationLatencyP99\":null,\"ApplicationRequestsTotal\":null,\"ApplicationLatencyP99.9\":null,\"ApplicationRequests3xx\":null,\"ApplicationRequests2xx\":null,\"CPUIowait\":null,\"CPUNice\":null},\"Environment\":{\"InstancesSevere\":null,\"InstancesDegraded\":null,\"ApplicationRequests5xx\":null,\"ApplicationRequests4xx\":null,\"ApplicationLatencyP50\":null,\"ApplicationLatencyP95\":null,\"ApplicationLatencyP85\":null,\"InstancesUnknown\":null,\"ApplicationLatencyP90\":null,\"InstancesInfo\":null,\"InstancesPending\":null,\"ApplicationLatencyP75\":null,\"ApplicationLatencyP10\":null,\"ApplicationLatencyP99\":null,\"ApplicationRequestsTotal\":null,\"InstancesNoData\":null,\"ApplicationLatencyP99.9\":null,\"ApplicationRequests3xx\":null,\"ApplicationRequests2xx\":null,\"InstancesOk\":null,\"InstancesWarning\":null}}}",
                            "all_settings.3859948494.name": "RetentionInDays",
                            "all_settings.3859948494.namespace": "aws:elasticbeanstalk:cloudwatch:logs:health",
                            "all_settings.3859948494.resource": "",
                            "all_settings.3859948494.value": "7",
                            "all_settings.3929976136.name": "BatchSize",
                            "all_settings.3929976136.namespace": "aws:elasticbeanstalk:command",
                            "all_settings.3929976136.resource": "",
                            "all_settings.3929976136.value": "100",
                            "all_settings.3949385854.name": "VPCId",
                            "all_settings.3949385854.namespace": "aws:ec2:vpc",
                            "all_settings.3949385854.resource": "",
                            "all_settings.3949385854.value": "",
                            "all_settings.3961867433.name": "SSLCertificateId",
                            "all_settings.3961867433.namespace": "aws:elb:loadbalancer",
                            "all_settings.3961867433.resource": "",
                            "all_settings.3961867433.value": "",
                            "all_settings.3981805791.name": "Automatically Terminate Unhealthy Instances",
                            "all_settings.3981805791.namespace": "aws:elasticbeanstalk:monitoring",
                            "all_settings.3981805791.resource": "",
                            "all_settings.3981805791.value": "true",
                            "all_settings.4010736724.name": "EC2KeyName",
                            "all_settings.4010736724.namespace": "aws:autoscaling:launchconfiguration",
                            "all_settings.4010736724.resource": "",
                            "all_settings.4010736724.value": "",
                            "all_settings.4020527343.name": "InstancePort",
                            "all_settings.4020527343.namespace": "aws:elb:listener:80",
                            "all_settings.4020527343.resource": "",
                            "all_settings.4020527343.value": "80",
                            "all_settings.4049442346.name": "MeasureName",
                            "all_settings.4049442346.namespace": "aws:autoscaling:trigger",
                            "all_settings.4049442346.resource": "",
                            "all_settings.4049442346.value": "NetworkOut",
                            "all_settings.4100247781.name": "BreachDuration",
                            "all_settings.4100247781.namespace": "aws:autoscaling:trigger",
                            "all_settings.4100247781.resource": "",
                            "all_settings.4100247781.value": "5",
                            "all_settings.4136940953.name": "UpdateLevel",
                            "all_settings.4136940953.namespace": "aws:elasticbeanstalk:managedactions:platformupdate",
                            "all_settings.4136940953.resource": "",
                            "all_settings.4136940953.value": "",
                            "all_settings.4138791476.name": "HealthCheckSuccessThreshold",
                            "all_settings.4138791476.namespace": "aws:elasticbeanstalk:healthreporting:system",
                            "all_settings.4138791476.resource": "",
                            "all_settings.4138791476.value": "Warning",
                            "all_settings.4167503353.name": "LaunchTimeout",
                            "all_settings.4167503353.namespace": "aws:elasticbeanstalk:control",
                            "all_settings.4167503353.resource": "",
                            "all_settings.4167503353.value": "0",
                            "all_settings.4232919657.name": "SecurityGroups",
                            "all_settings.4232919657.namespace": "aws:elb:loadbalancer",
                            "all_settings.4232919657.resource": "",
                            "all_settings.4232919657.value": "",
                            "all_settings.4260323936.name": "ServerPort",
                            "all_settings.4260323936.namespace": "aws:cloudformation:template:parameter",
                            "all_settings.4260323936.resource": "",
                            "all_settings.4260323936.value": "8080",
                            "all_settings.4267362780.name": "Timeout",
                            "all_settings.4267362780.namespace": "aws:elb:healthcheck",
                            "all_settings.4267362780.resource": "",
                            "all_settings.4267362780.value": "5",
                            "all_settings.433110370.name": "DefaultSSHPort",
                            "all_settings.433110370.namespace": "aws:elasticbeanstalk:control",
                            "all_settings.433110370.resource": "",
                            "all_settings.433110370.value": "22",
                            "all_settings.502734328.name": "SSHSourceRestriction",
                            "all_settings.502734328.namespace": "aws:autoscaling:launchconfiguration",
                            "all_settings.502734328.resource": "",
                            "all_settings.502734328.value": "tcp,22,22,0.0.0.0/0",
                            "all_settings.535544079.name": "Availability Zones",
                            "all_settings.535544079.namespace": "aws:autoscaling:asg",
                            "all_settings.535544079.resource": "",
                            "all_settings.535544079.value": "Any 1",
                            "all_settings.59521051.name": "HealthyThreshold",
                            "all_settings.59521051.namespace": "aws:elb:healthcheck",
                            "all_settings.59521051.resource": "",
                            "all_settings.59521051.value": "3",
                            "all_settings.598327771.name": "Application Healthcheck URL",
                            "all_settings.598327771.namespace": "aws:elasticbeanstalk:application",
                            "all_settings.598327771.resource": "",
                            "all_settings.598327771.value": "/health",
                            "all_settings.693650251.name": "MaxSize",
                            "all_settings.693650251.namespace": "aws:autoscaling:asg",
                            "all_settings.693650251.resource": "",
                            "all_settings.693650251.value": "4",
                            "all_settings.731293825.name": "LoadBalancerHTTPSPort",
                            "all_settings.731293825.namespace": "aws:elb:loadbalancer",
                            "all_settings.731293825.resource": "",
                            "all_settings.731293825.value": "OFF",
                            "all_settings.73845050.name": "XRayEnabled",
                            "all_settings.73845050.namespace": "aws:elasticbeanstalk:xray",
                            "all_settings.73845050.resource": "",
                            "all_settings.73845050.value": "false",
                            "all_settings.747815089.name": "BatchSizeType",
                            "all_settings.747815089.namespace": "aws:elasticbeanstalk:command",
                            "all_settings.747815089.resource": "",
                            "all_settings.747815089.value": "Percentage",
                            "all_settings.784312882.name": "LoadBalancerHTTPPort",
                            "all_settings.784312882.namespace": "aws:elb:loadbalancer",
                            "all_settings.784312882.resource": "",
                            "all_settings.784312882.value": "80",
                            "all_settings.797121040.name": "ServiceRole",
                            "all_settings.797121040.namespace": "aws:elasticbeanstalk:environment",
                            "all_settings.797121040.resource": "",
                            "all_settings.797121040.value": "elasticbeanstalk-service-role",
                            "all_settings.858427688.name": "HooksPkgUrl",
                            "all_settings.858427688.namespace": "aws:cloudformation:template:parameter",
                            "all_settings.858427688.resource": "",
                            "all_settings.858427688.value": "https://s3.dualstack.ap-northeast-2.amazonaws.com/elasticbeanstalk-env-resources-ap-northeast-2/stalks/eb_node_js_4.0.1.201972.0/lib/hooks.tar.gz",
                            "all_settings.870849142.name": "Target",
                            "all_settings.870849142.namespace": "aws:elb:healthcheck",
                            "all_settings.870849142.resource": "",
                            "all_settings.870849142.value": "HTTP:80/health",
                            "all_settings.878929821.name": "AppSource",
                            "all_settings.878929821.namespace": "aws:cloudformation:template:parameter",
                            "all_settings.878929821.resource": "",
                            "all_settings.878929821.value": "http://s3.ap-northeast-2.amazonaws.com/elasticbeanstalk-samples-ap-northeast-2/nodejs-sample-v2.zip",
                            "all_settings.881749867.name": "Timeout",
                            "all_settings.881749867.namespace": "aws:elasticbeanstalk:command",
                            "all_settings.881749867.resource": "",
                            "all_settings.881749867.value": "600",
                            "all_settings.934067176.name": "RetentionInDays",
                            "all_settings.934067176.namespace": "aws:elasticbeanstalk:cloudwatch:logs",
                            "all_settings.934067176.resource": "",
                            "all_settings.934067176.value": "7",
                            "all_settings.940069638.name": "RollbackLaunchOnFailure",
                            "all_settings.940069638.namespace": "aws:elasticbeanstalk:control",
                            "all_settings.940069638.resource": "",
                            "all_settings.940069638.value": "false",
                            "application": "tf-test-name",
                            "arn": "arn:aws:elasticbeanstalk:ap-northeast-2:493257624167:environment/tf-test-name/tf-test-name",
                            "autoscaling_groups.#": "1",
                            "autoscaling_groups.0": "awseb-e-kqjhkdyjmh-stack-AWSEBAutoScalingGroup-C8CYF4NHRFY5",
                            "cname": "tf-test-name.j993tydvdr.ap-northeast-2.elasticbeanstalk.com",
                            "cname_prefix": "",
                            "description": "",
                            "id": "e-kqjhkdyjmh",
                            "instances.#": "1",
                            "instances.0": "i-051ac3fe3bd4f47dc",
                            "launch_configurations.#": "1",
                            "launch_configurations.0": "awseb-e-kqjhkdyjmh-stack-AWSEBAutoScalingLaunchConfiguration-6472SDSA2OOY",
                            "load_balancers.#": "1",
                            "load_balancers.0": "awseb-e-k-AWSEBLoa-12TZK23IJFB2D",
                            "name": "tf-test-name",
                            "platform_arn": "arn:aws:elasticbeanstalk:ap-northeast-2::platform/Node.js running on 64bit Amazon Linux/4.8.1",
                            "queues.#": "0",
                            "setting.#": "9",
                            "setting.1514624220.name": "IamInstanceProfile",
                            "setting.1514624220.namespace": "aws:autoscaling:launchconfiguration",
                            "setting.1514624220.resource": "",
                            "setting.1514624220.value": "app-ec2-role",
                            "setting.2276893638.name": "RollingUpdateType",
                            "setting.2276893638.namespace": "aws:autoscaling:updatepolicy:rollingupdate",
                            "setting.2276893638.resource": "",
                            "setting.2276893638.value": "Health",
                            "setting.2396587397.name": "MinSize",
                            "setting.2396587397.namespace": "aws:autoscaling:asg",
                            "setting.2396587397.resource": "",
                            "setting.2396587397.value": "1",
                            "setting.2420299722.name": "SystemType",
                            "setting.2420299722.namespace": "aws:elasticbeanstalk:healthreporting:system",
                            "setting.2420299722.resource": "",
                            "setting.2420299722.value": "enhanced",
                            "setting.3111731957.name": "InstanceType",
                            "setting.3111731957.namespace": "aws:autoscaling:launchconfiguration",
                            "setting.3111731957.resource": "",
                            "setting.3111731957.value": "t2.micro",
                            "setting.4138791476.name": "HealthCheckSuccessThreshold",
                            "setting.4138791476.namespace": "aws:elasticbeanstalk:healthreporting:system",
                            "setting.4138791476.resource": "",
                            "setting.4138791476.value": "Warning",
                            "setting.535544079.name": "Availability Zones",
                            "setting.535544079.namespace": "aws:autoscaling:asg",
                            "setting.535544079.resource": "",
                            "setting.535544079.value": "Any 1",
                            "setting.598327771.name": "Application Healthcheck URL",
                            "setting.598327771.namespace": "aws:elasticbeanstalk:application",
                            "setting.598327771.resource": "",
                            "setting.598327771.value": "/health",
                            "setting.797121040.name": "ServiceRole",
                            "setting.797121040.namespace": "aws:elasticbeanstalk:environment",
                            "setting.797121040.resource": "",
                            "setting.797121040.value": "elasticbeanstalk-service-role",
                            "solution_stack_name": "64bit Amazon Linux 2018.03 v4.8.1 running Node.js",
                            "tags.%": "0",
                            "tier": "WebServer",
                            "triggers.#": "0",
                            "version_label": "",
                            "wait_for_ready_timeout": "20m"
                        },
                        "meta": {
                            "schema_version": "1"
                        },
                        "tainted": false
                    },
                    "deposed": [],
                    "provider": "provider.aws"
                },
                "aws_iam_instance_profile.app-ec2-role": {
                    "type": "aws_iam_instance_profile",
                    "depends_on": [
                        "aws_iam_role.app-ec2-role"
                    ],
                    "primary": {
                        "id": "app-ec2-role",
                        "attributes": {
                            "arn": "arn:aws:iam::493257624167:instance-profile/app-ec2-role",
                            "create_date": "2019-03-19T08:08:41Z",
                            "id": "app-ec2-role",
                            "name": "app-ec2-role",
                            "path": "/",
                            "role": "app-ec2-role",
                            "roles.#": "1",
                            "roles.2540483669": "app-ec2-role",
                            "unique_id": "AIPAI3ZBMCHNMCSJ2GQT4"
                        },
                        "meta": {},
                        "tainted": false
                    },
                    "deposed": [],
                    "provider": "provider.aws"
                },
                "aws_iam_policy_attachment.app-attach1": {
                    "type": "aws_iam_policy_attachment",
                    "depends_on": [
                        "aws_iam_role.app-ec2-role"
                    ],
                    "primary": {
                        "id": "app-attach1",
                        "attributes": {
                            "groups.#": "0",
                            "id": "app-attach1",
                            "name": "app-attach1",
                            "policy_arn": "arn:aws:iam::aws:policy/AWSElasticBeanstalkWebTier",
                            "roles.#": "1",
                            "roles.2540483669": "app-ec2-role",
                            "users.#": "0"
                        },
                        "meta": {},
                        "tainted": false
                    },
                    "deposed": [],
                    "provider": "provider.aws"
                },
                "aws_iam_policy_attachment.app-attach2": {
                    "type": "aws_iam_policy_attachment",
                    "depends_on": [
                        "aws_iam_role.app-ec2-role"
                    ],
                    "primary": {
                        "id": "app-attach2",
                        "attributes": {
                            "groups.#": "0",
                            "id": "app-attach2",
                            "name": "app-attach2",
                            "policy_arn": "arn:aws:iam::aws:policy/AWSElasticBeanstalkMulticontainerDocker",
                            "roles.#": "1",
                            "roles.2540483669": "app-ec2-role",
                            "users.#": "0"
                        },
                        "meta": {},
                        "tainted": false
                    },
                    "deposed": [],
                    "provider": "provider.aws"
                },
                "aws_iam_policy_attachment.app-attach3": {
                    "type": "aws_iam_policy_attachment",
                    "depends_on": [
                        "aws_iam_role.app-ec2-role"
                    ],
                    "primary": {
                        "id": "app-attach3",
                        "attributes": {
                            "groups.#": "0",
                            "id": "app-attach3",
                            "name": "app-attach3",
                            "policy_arn": "arn:aws:iam::aws:policy/AWSElasticBeanstalkWorkerTier",
                            "roles.#": "1",
                            "roles.2540483669": "app-ec2-role",
                            "users.#": "0"
                        },
                        "meta": {},
                        "tainted": false
                    },
                    "deposed": [],
                    "provider": "provider.aws"
                },
                "aws_iam_policy_attachment.app-attach4": {
                    "type": "aws_iam_policy_attachment",
                    "depends_on": [
                        "aws_iam_role.elasticbeanstalk-service-role"
                    ],
                    "primary": {
                        "id": "app-attach4",
                        "attributes": {
                            "groups.#": "0",
                            "id": "app-attach4",
                            "name": "app-attach4",
                            "policy_arn": "arn:aws:iam::aws:policy/service-role/AWSElasticBeanstalkEnhancedHealth",
                            "roles.#": "1",
                            "roles.1001045595": "elasticbeanstalk-service-role",
                            "users.#": "0"
                        },
                        "meta": {},
                        "tainted": false
                    },
                    "deposed": [],
                    "provider": "provider.aws"
                },
                "aws_iam_role.app-ec2-role": {
                    "type": "aws_iam_role",
                    "depends_on": [],
                    "primary": {
                        "id": "app-ec2-role",
                        "attributes": {
                            "arn": "arn:aws:iam::493257624167:role/app-ec2-role",
                            "assume_role_policy": "{\"Version\":\"2012-10-17\",\"Statement\":[{\"Sid\":\"\",\"Effect\":\"Allow\",\"Principal\":{\"Service\":\"ec2.amazonaws.com\"},\"Action\":\"sts:AssumeRole\"}]}",
                            "create_date": "2019-03-19T08:08:39Z",
                            "description": "",
                            "force_detach_policies": "false",
                            "id": "app-ec2-role",
                            "max_session_duration": "3600",
                            "name": "app-ec2-role",
                            "path": "/",
                            "tags.%": "0",
                            "unique_id": "AROAJ27TNX6XRDQV25A6A"
                        },
                        "meta": {},
                        "tainted": false
                    },
                    "deposed": [],
                    "provider": "provider.aws"
                },
                "aws_iam_role.elasticbeanstalk-service-role": {
                    "type": "aws_iam_role",
                    "depends_on": [],
                    "primary": {
                        "id": "elasticbeanstalk-service-role",
                        "attributes": {
                            "arn": "arn:aws:iam::493257624167:role/elasticbeanstalk-service-role",
                            "assume_role_policy": "{\"Version\":\"2012-10-17\",\"Statement\":[{\"Sid\":\"\",\"Effect\":\"Allow\",\"Principal\":{\"Service\":\"elasticbeanstalk.amazonaws.com\"},\"Action\":\"sts:AssumeRole\"}]}",
                            "create_date": "2019-03-19T08:08:39Z",
                            "description": "",
                            "force_detach_policies": "false",
                            "id": "elasticbeanstalk-service-role",
                            "max_session_duration": "3600",
                            "name": "elasticbeanstalk-service-role",
                            "path": "/",
                            "tags.%": "0",
                            "unique_id": "AROAJM2WMK7RM5JIZHUPG"
                        },
                        "meta": {},
                        "tainted": false
                    },
                    "deposed": [],
                    "provider": "provider.aws"
                }
            },
            "depends_on": []
        },
        {
            "path": [
                "root",
                "credentials"
            ],
            "outputs": {
                "access_key": {
                    "sensitive": false,
                    "type": "string",
                    "value": "AKIAIVJ4HIWFBNXOBGFQ"
                },
                "secret_key": {
                    "sensitive": false,
                    "type": "string",
                    "value": "qcCVLdNS4ejsIx+mVKaKmNbyAi5s+cfyb3lQYx+u"
                }
            },
            "resources": {},
            "depends_on": []
        }
    ]
}
