{
    "version": 3,
    "terraform_version": "0.11.13",
    "serial": 7,
    "lineage": "55b7e318-09be-a8bd-1ccc-1d1d41ed52b4",
    "modules": [
        {
            "path": [
                "root"
            ],
            "outputs": {},
            "resources": {
                "aws_instance.web": {
                    "type": "aws_instance",
                    "depends_on": [
                        "aws_key_pair.web_admin",
                        "aws_security_group.ssh",
                        "data.aws_security_group.default"
                    ],
                    "primary": {
                        "id": "i-0606d6a84fac723e0",
                        "attributes": {
                            "ami": "ami-e21cc38c",
                            "arn": "arn:aws:ec2:ap-northeast-2:493257624167:instance/i-0606d6a84fac723e0",
                            "associate_public_ip_address": "true",
                            "availability_zone": "ap-northeast-2c",
                            "cpu_core_count": "1",
                            "cpu_threads_per_core": "1",
                            "credit_specification.#": "1",
                            "credit_specification.0.cpu_credits": "standard",
                            "disable_api_termination": "false",
                            "ebs_block_device.#": "0",
                            "ebs_optimized": "false",
                            "ephemeral_block_device.#": "0",
                            "get_password_data": "false",
                            "iam_instance_profile": "",
                            "id": "i-0606d6a84fac723e0",
                            "instance_state": "running",
                            "instance_type": "t2.micro",
                            "ipv6_addresses.#": "0",
                            "key_name": "web_admin",
                            "monitoring": "false",
                            "network_interface.#": "0",
                            "password_data": "",
                            "placement_group": "",
                            "primary_network_interface_id": "eni-0d2f58f2bfeb4f632",
                            "private_dns": "ip-172-31-17-150.ap-northeast-2.compute.internal",
                            "private_ip": "172.31.17.150",
                            "public_dns": "ec2-54-180-152-252.ap-northeast-2.compute.amazonaws.com",
                            "public_ip": "54.180.152.252",
                            "root_block_device.#": "1",
                            "root_block_device.0.delete_on_termination": "true",
                            "root_block_device.0.iops": "100",
                            "root_block_device.0.volume_id": "vol-00eacdb36e1fac483",
                            "root_block_device.0.volume_size": "8",
                            "root_block_device.0.volume_type": "gp2",
                            "security_groups.#": "2",
                            "security_groups.1501155824": "allow_ssh_from_all",
                            "security_groups.3814588639": "default",
                            "source_dest_check": "true",
                            "subnet_id": "subnet-5f2e5a13",
                            "tags.%": "0",
                            "tenancy": "default",
                            "volume_tags.%": "0",
                            "vpc_security_group_ids.#": "2",
                            "vpc_security_group_ids.1457131747": "sg-0241a646d421e0573",
                            "vpc_security_group_ids.2272387355": "sg-46e9ad2c"
                        },
                        "meta": {
                            "e2bfb730-ecaa-11e6-8f88-34363bc7c4c0": {
                                "create": 600000000000,
                                "delete": 1200000000000,
                                "update": 600000000000
                            },
                            "schema_version": "1"
                        },
                        "tainted": false
                    },
                    "deposed": [],
                    "provider": "provider.aws"
                },
                "aws_key_pair.web_admin": {
                    "type": "aws_key_pair",
                    "depends_on": [],
                    "primary": {
                        "id": "web_admin",
                        "attributes": {
                            "fingerprint": "b1:5f:64:0c:fe:56:da:51:ab:5f:40:54:99:77:46:74",
                            "id": "web_admin",
                            "key_name": "web_admin",
                            "public_key": "ssh-rsa AAAAB3NzaC1yc2EAAAADAQABAAABAQDfISGA07iclvuDC+Jbym5ORSAXn0oIr6tI1d6C9F2VvJEyZNwzABIjBRzoBSlDjzOER4rxq724Ergsd3Vy1JOjwSDnDvEsjweatHciuZ/s+dIByPxAFpXa97rwe8ixLzYfoRGPoTwIa+Urcy3M+cG/KmbNP1eusjNH6Dk9tokpbRtTWVDtIvuQu9//0Hj3i0+rLViD0DCEyVmxcKGBF7iDq8EP4LlpNbTRCsNqkuM5CTloA0TDOCQjjaagJf6z2jOjgsfWCKlK9A+bBczR4KsSAK32btKyiaWpDFJBI4cZ/XFYG9V+GAXNOmCdkLekcOTMf/kEkP1N5+CXsfMt7JPJ onekyosi@gmail.com"
                        },
                        "meta": {
                            "schema_version": "1"
                        },
                        "tainted": false
                    },
                    "deposed": [],
                    "provider": "provider.aws"
                },
                "aws_security_group.ssh": {
                    "type": "aws_security_group",
                    "depends_on": [],
                    "primary": {
                        "id": "sg-0241a646d421e0573",
                        "attributes": {
                            "arn": "arn:aws:ec2:ap-northeast-2:493257624167:security-group/sg-0241a646d421e0573",
                            "description": "Allow SSH port from all",
                            "egress.#": "0",
                            "id": "sg-0241a646d421e0573",
                            "ingress.#": "1",
                            "ingress.2541437006.cidr_blocks.#": "1",
                            "ingress.2541437006.cidr_blocks.0": "0.0.0.0/0",
                            "ingress.2541437006.description": "",
                            "ingress.2541437006.from_port": "22",
                            "ingress.2541437006.ipv6_cidr_blocks.#": "0",
                            "ingress.2541437006.prefix_list_ids.#": "0",
                            "ingress.2541437006.protocol": "tcp",
                            "ingress.2541437006.security_groups.#": "0",
                            "ingress.2541437006.self": "false",
                            "ingress.2541437006.to_port": "22",
                            "name": "allow_ssh_from_all",
                            "owner_id": "493257624167",
                            "revoke_rules_on_delete": "false",
                            "tags.%": "0",
                            "vpc_id": "vpc-56fff43e"
                        },
                        "meta": {
                            "e2bfb730-ecaa-11e6-8f88-34363bc7c4c0": {
                                "create": 600000000000,
                                "delete": 600000000000
                            },
                            "schema_version": "1"
                        },
                        "tainted": false
                    },
                    "deposed": [],
                    "provider": "provider.aws"
                },
                "data.aws_security_group.default": {
                    "type": "aws_security_group",
                    "depends_on": [],
                    "primary": {
                        "id": "sg-46e9ad2c",
                        "attributes": {
                            "arn": "arn:aws:ec2:ap-northeast-2:493257624167:security-group/sg-46e9ad2c",
                            "description": "default VPC security group",
                            "id": "sg-46e9ad2c",
                            "name": "default",
                            "tags.%": "0",
                            "vpc_id": "vpc-56fff43e"
                        },
                        "meta": {},
                        "tainted": false
                    },
                    "deposed": [],
                    "provider": "provider.aws"
                }
            },
            "depends_on": []
        }
    ]
}
